// !$*UTF8*$!
{
	archiveVersion = 1;
	classes = {
	};
	objectVersion = 55;
	objects = {

/* Begin PBXBuildFile section */
		5630BE4528AA2D9E00967D38 /* BybitModel.swift in Sources */ = {isa = PBXBuildFile; fileRef = 5630BE4428AA2D9E00967D38 /* BybitModel.swift */; };
		5630BE4928AA6EB800967D38 /* ApiKey.swift in Sources */ = {isa = PBXBuildFile; fileRef = 5630BE4828AA6EB800967D38 /* ApiKey.swift */; };
		5630BE4B28AA6EF000967D38 /* ApiKey.plist in Resources */ = {isa = PBXBuildFile; fileRef = 5630BE4A28AA6EF000967D38 /* ApiKey.plist */; };
		5630BE4D28AA6FC400967D38 /* BybitResponse.swift in Sources */ = {isa = PBXBuildFile; fileRef = 5630BE4C28AA6FC400967D38 /* BybitResponse.swift */; };
		56CE80EA28A9D99C00A8FCF0 /* HelloBybitApp.swift in Sources */ = {isa = PBXBuildFile; fileRef = 56CE80E928A9D99C00A8FCF0 /* HelloBybitApp.swift */; };
		56CE80EC28A9D99C00A8FCF0 /* ContentView.swift in Sources */ = {isa = PBXBuildFile; fileRef = 56CE80EB28A9D99C00A8FCF0 /* ContentView.swift */; };
		56CE80EE28A9D9A000A8FCF0 /* Assets.xcassets in Resources */ = {isa = PBXBuildFile; fileRef = 56CE80ED28A9D9A000A8FCF0 /* Assets.xcassets */; };
		56CE80F128A9D9A000A8FCF0 /* Preview Assets.xcassets in Resources */ = {isa = PBXBuildFile; fileRef = 56CE80F028A9D9A000A8FCF0 /* Preview Assets.xcassets */; };
		56CE80F928A9E34E00A8FCF0 /* CryptoSwift in Frameworks */ = {isa = PBXBuildFile; productRef = 56CE80F828A9E34E00A8FCF0 /* CryptoSwift */; };
/* End PBXBuildFile section */

/* Begin PBXFileReference section */
		5630BE4428AA2D9E00967D38 /* BybitModel.swift */ = {isa = PBXFileReference; lastKnownFileType = sourcecode.swift; path = BybitModel.swift; sourceTree = "<group>"; };
		5630BE4828AA6EB800967D38 /* ApiKey.swift */ = {isa = PBXFileReference; lastKnownFileType = sourcecode.swift; path = ApiKey.swift; sourceTree = "<group>"; };
		5630BE4A28AA6EF000967D38 /* ApiKey.plist */ = {isa = PBXFileReference; lastKnownFileType = text.plist.xml; path = ApiKey.plist; sourceTree = "<group>"; };
		5630BE4C28AA6FC400967D38 /* BybitResponse.swift */ = {isa = PBXFileReference; lastKnownFileType = sourcecode.swift; path = BybitResponse.swift; sourceTree = "<group>"; };
		56CE80E628A9D99C00A8FCF0 /* HelloBybit.app */ = {isa = PBXFileReference; explicitFileType = wrapper.application; includeInIndex = 0; path = HelloBybit.app; sourceTree = BUILT_PRODUCTS_DIR; };
		56CE80E928A9D99C00A8FCF0 /* HelloBybitApp.swift */ = {isa = PBXFileReference; lastKnownFileType = sourcecode.swift; path = HelloBybitApp.swift; sourceTree = "<group>"; };
		56CE80EB28A9D99C00A8FCF0 /* ContentView.swift */ = {isa = PBXFileReference; lastKnownFileType = sourcecode.swift; path = ContentView.swift; sourceTree = "<group>"; };
		56CE80ED28A9D9A000A8FCF0 /* Assets.xcassets */ = {isa = PBXFileReference; lastKnownFileType = folder.assetcatalog; path = Assets.xcassets; sourceTree = "<group>"; };
		56CE80F028A9D9A000A8FCF0 /* Preview Assets.xcassets */ = {isa = PBXFileReference; lastKnownFileType = folder.assetcatalog; path = "Preview Assets.xcassets"; sourceTree = "<group>"; };
/* End PBXFileReference section */

/* Begin PBXFrameworksBuildPhase section */
		56CE80E328A9D99C00A8FCF0 /* Frameworks */ = {
			isa = PBXFrameworksBuildPhase;
			buildActionMask = 2147483647;
			files = (
				56CE80F928A9E34E00A8FCF0 /* CryptoSwift in Frameworks */,
			);
			runOnlyForDeploymentPostprocessing = 0;
		};
/* End PBXFrameworksBuildPhase section */

/* Begin PBXGroup section */
		5630BE4728AA6E8400967D38 /* Model */ = {
			isa = PBXGroup;
			children = (
			);
			name = Model;
			sourceTree = "<group>";
		};
		56641F0C28AB485600826F2D /* Model */ = {
			isa = PBXGroup;
			children = (
				5630BE4428AA2D9E00967D38 /* BybitModel.swift */,
				5630BE4C28AA6FC400967D38 /* BybitResponse.swift */,
				5630BE4828AA6EB800967D38 /* ApiKey.swift */,
				5630BE4A28AA6EF000967D38 /* ApiKey.plist */,
			);
			path = Model;
			sourceTree = "<group>";
		};
		56CE80DD28A9D99C00A8FCF0 = {
			isa = PBXGroup;
			children = (
				56CE80E828A9D99C00A8FCF0 /* HelloBybit */,
				5630BE4728AA6E8400967D38 /* Model */,
				56CE80E728A9D99C00A8FCF0 /* Products */,
			);
			sourceTree = "<group>";
		};
		56CE80E728A9D99C00A8FCF0 /* Products */ = {
			isa = PBXGroup;
			children = (
				56CE80E628A9D99C00A8FCF0 /* HelloBybit.app */,
			);
			name = Products;
			sourceTree = "<group>";
		};
		56CE80E828A9D99C00A8FCF0 /* HelloBybit */ = {
			isa = PBXGroup;
			children = (
				56CE80E928A9D99C00A8FCF0 /* HelloBybitApp.swift */,
				56CE80EB28A9D99C00A8FCF0 /* ContentView.swift */,
				56CE80ED28A9D9A000A8FCF0 /* Assets.xcassets */,
				56641F0C28AB485600826F2D /* Model */,
				56CE80EF28A9D9A000A8FCF0 /* Preview Content */,
			);
			path = HelloBybit;
			sourceTree = "<group>";
		};
		56CE80EF28A9D9A000A8FCF0 /* Preview Content */ = {
			isa = PBXGroup;
			children = (
				56CE80F028A9D9A000A8FCF0 /* Preview Assets.xcassets */,
			);
			path = "Preview Content";
			sourceTree = "<group>";
		};
/* End PBXGroup section */

/* Begin PBXNativeTarget section */
		56CE80E528A9D99C00A8FCF0 /* HelloBybit */ = {
			isa = PBXNativeTarget;
			buildConfigurationList = 56CE80F428A9D9A000A8FCF0 /* Build configuration list for PBXNativeTarget "HelloBybit" */;
			buildPhases = (
				56CE80E228A9D99C00A8FCF0 /* Sources */,
				56CE80E328A9D99C00A8FCF0 /* Frameworks */,
				56CE80E428A9D99C00A8FCF0 /* Resources */,
			);
			buildRules = (
			);
			dependencies = (
			);
			name = HelloBybit;
			packageProductDependencies = (
				56CE80F828A9E34E00A8FCF0 /* CryptoSwift */,
			);
			productName = HelloBybit;
			productReference = 56CE80E628A9D99C00A8FCF0 /* HelloBybit.app */;
			productType = "com.apple.product-type.application";
		};
/* End PBXNativeTarget section */

/* Begin PBXProject section */
		56CE80DE28A9D99C00A8FCF0 /* Project object */ = {
			isa = PBXProject;
			attributes = {
				BuildIndependentTargetsInParallel = 1;
				LastSwiftUpdateCheck = 1340;
				LastUpgradeCheck = 1340;
				TargetAttributes = {
					56CE80E528A9D99C00A8FCF0 = {
						CreatedOnToolsVersion = 13.4.1;
					};
				};
			};
			buildConfigurationList = 56CE80E128A9D99C00A8FCF0 /* Build configuration list for PBXProject "HelloBybit" */;
			compatibilityVersion = "Xcode 13.0";
			developmentRegion = en;
			hasScannedForEncodings = 0;
			knownRegions = (
				en,
				Base,
			);
			mainGroup = 56CE80DD28A9D99C00A8FCF0;
			packageReferences = (
				56CE80F728A9E34E00A8FCF0 /* XCRemoteSwiftPackageReference "CryptoSwift" */,
			);
			productRefGroup = 56CE80E728A9D99C00A8FCF0 /* Products */;
			projectDirPath = "";
			projectRoot = "";
			targets = (
				56CE80E528A9D99C00A8FCF0 /* HelloBybit */,
			);
		};
/* End PBXProject section */

/* Begin PBXResourcesBuildPhase section */
		56CE80E428A9D99C00A8FCF0 /* Resources */ = {
			isa = PBXResourcesBuildPhase;
			buildActionMask = 2147483647;
			files = (
				5630BE4B28AA6EF000967D38 /* ApiKey.plist in Resources */,
				56CE80F128A9D9A000A8FCF0 /* Preview Assets.xcassets in Resources */,
				56CE80EE28A9D9A000A8FCF0 /* Assets.xcassets in Resources */,
			);
			runOnlyForDeploymentPostprocessing = 0;
		};
/* End PBXResourcesBuildPhase section */

/* Begin PBXSourcesBuildPhase section */
		56CE80E228A9D99C00A8FCF0 /* Sources */ = {
			isa = PBXSourcesBuildPhase;
			buildActionMask = 2147483647;
			files = (
				56CE80EC28A9D99C00A8FCF0 /* ContentView.swift in Sources */,
				56CE80EA28A9D99C00A8FCF0 /* HelloBybitApp.swift in Sources */,
				5630BE4928AA6EB800967D38 /* ApiKey.swift in Sources */,
				5630BE4D28AA6FC400967D38 /* BybitResponse.swift in Sources */,
				5630BE4528AA2D9E00967D38 /* BybitModel.swift in Sources */,
			);
			runOnlyForDeploymentPostprocessing = 0;
		};
/* End PBXSourcesBuildPhase section */

/* Begin XCBuildConfiguration section */
		56CE80F228A9D9A000A8FCF0 /* Debug */ = {
			isa = XCBuildConfiguration;
			buildSettings = {
				ALWAYS_SEARCH_USER_PATHS = NO;
				CLANG_ANALYZER_NONNULL = YES;
				CLANG_ANALYZER_NUMBER_OBJECT_CONVERSION = YES_AGGRESSIVE;
				CLANG_CXX_LANGUAGE_STANDARD = "gnu++17";
				CLANG_ENABLE_MODULES = YES;
				CLANG_ENABLE_OBJC_ARC = YES;
				CLANG_ENABLE_OBJC_WEAK = YES;
				CLANG_WARN_BLOCK_CAPTURE_AUTORELEASING = YES;
				CLANG_WARN_BOOL_CONVERSION = YES;
				CLANG_WARN_COMMA = YES;
				CLANG_WARN_CONSTANT_CONVERSION = YES;
				CLANG_WARN_DEPRECATED_OBJC_IMPLEMENTATIONS = YES;
				CLANG_WARN_DIRECT_OBJC_ISA_USAGE = YES_ERROR;
				CLANG_WARN_DOCUMENTATION_COMMENTS = YES;
				CLANG_WARN_EMPTY_BODY = YES;
				CLANG_WARN_ENUM_CONVERSION = YES;
				CLANG_WARN_INFINITE_RECURSION = YES;
				CLANG_WARN_INT_CONVERSION = YES;
				CLANG_WARN_NON_LITERAL_NULL_CONVERSION = YES;
				CLANG_WARN_OBJC_IMPLICIT_RETAIN_SELF = YES;
				CLANG_WARN_OBJC_LITERAL_CONVERSION = YES;
				CLANG_WARN_OBJC_ROOT_CLASS = YES_ERROR;
				CLANG_WARN_QUOTED_INCLUDE_IN_FRAMEWORK_HEADER = YES;
				CLANG_WARN_RANGE_LOOP_ANALYSIS = YES;
				CLANG_WARN_STRICT_PROTOTYPES = YES;
				CLANG_WARN_SUSPICIOUS_MOVE = YES;
				CLANG_WARN_UNGUARDED_AVAILABILITY = YES_AGGRESSIVE;
				CLANG_WARN_UNREACHABLE_CODE = YES;
				CLANG_WARN__DUPLICATE_METHOD_MATCH = YES;
				COPY_PHASE_STRIP = NO;
				DEBUG_INFORMATION_FORMAT = dwarf;
				ENABLE_STRICT_OBJC_MSGSEND = YES;
				ENABLE_TESTABILITY = YES;
				GCC_C_LANGUAGE_STANDARD = gnu11;
				GCC_DYNAMIC_NO_PIC = NO;
				GCC_NO_COMMON_BLOCKS = YES;
				GCC_OPTIMIZATION_LEVEL = 0;
				GCC_PREPROCESSOR_DEFINITIONS = (
					"DEBUG=1",
					"$(inherited)",
				);
				GCC_WARN_64_TO_32_BIT_CONVERSION = YES;
				GCC_WARN_ABOUT_RETURN_TYPE = YES_ERROR;
				GCC_WARN_UNDECLARED_SELECTOR = YES;
				GCC_WARN_UNINITIALIZED_AUTOS = YES_AGGRESSIVE;
				GCC_WARN_UNUSED_FUNCTION = YES;
				GCC_WARN_UNUSED_VARIABLE = YES;
				IPHONEOS_DEPLOYMENT_TARGET = 15.5;
				MTL_ENABLE_DEBUG_INFO = INCLUDE_SOURCE;
				MTL_FAST_MATH = YES;
				ONLY_ACTIVE_ARCH = YES;
				SDKROOT = iphoneos;
				SWIFT_ACTIVE_COMPILATION_CONDITIONS = DEBUG;
				SWIFT_OPTIMIZATION_LEVEL = "-Onone";
			};
			name = Debug;
		};
		56CE80F328A9D9A000A8FCF0 /* Release */ = {
			isa = XCBuildConfiguration;
			buildSettings = {
				ALWAYS_SEARCH_USER_PATHS = NO;
				CLANG_ANALYZER_NONNULL = YES;
				CLANG_ANALYZER_NUMBER_OBJECT_CONVERSION = YES_AGGRESSIVE;
				CLANG_CXX_LANGUAGE_STANDARD = "gnu++17";
				CLANG_ENABLE_MODULES = YES;
				CLANG_ENABLE_OBJC_ARC = YES;
				CLANG_ENABLE_OBJC_WEAK = YES;
				CLANG_WARN_BLOCK_CAPTURE_AUTORELEASING = YES;
				CLANG_WARN_BOOL_CONVERSION = YES;
				CLANG_WARN_COMMA = YES;
				CLANG_WARN_CONSTANT_CONVERSION = YES;
				CLANG_WARN_DEPRECATED_OBJC_IMPLEMENTATIONS = YES;
				CLANG_WARN_DIRECT_OBJC_ISA_USAGE = YES_ERROR;
				CLANG_WARN_DOCUMENTATION_COMMENTS = YES;
				CLANG_WARN_EMPTY_BODY = YES;
				CLANG_WARN_ENUM_CONVERSION = YES;
				CLANG_WARN_INFINITE_RECURSION = YES;
				CLANG_WARN_INT_CONVERSION = YES;
				CLANG_WARN_NON_LITERAL_NULL_CONVERSION = YES;
				CLANG_WARN_OBJC_IMPLICIT_RETAIN_SELF = YES;
				CLANG_WARN_OBJC_LITERAL_CONVERSION = YES;
				CLANG_WARN_OBJC_ROOT_CLASS = YES_ERROR;
				CLANG_WARN_QUOTED_INCLUDE_IN_FRAMEWORK_HEADER = YES;
				CLANG_WARN_RANGE_LOOP_ANALYSIS = YES;
				CLANG_WARN_STRICT_PROTOTYPES = YES;
				CLANG_WARN_SUSPICIOUS_MOVE = YES;
				CLANG_WARN_UNGUARDED_AVAILABILITY = YES_AGGRESSIVE;
				CLANG_WARN_UNREACHABLE_CODE = YES;
				CLANG_WARN__DUPLICATE_METHOD_MATCH = YES;
				COPY_PHASE_STRIP = NO;
				DEBUG_INFORMATION_FORMAT = "dwarf-with-dsym";
				ENABLE_NS_ASSERTIONS = NO;
				ENABLE_STRICT_OBJC_MSGSEND = YES;
				GCC_C_LANGUAGE_STANDARD = gnu11;
				GCC_NO_COMMON_BLOCKS = YES;
				GCC_WARN_64_TO_32_BIT_CONVERSION = YES;
				GCC_WARN_ABOUT_RETURN_TYPE = YES_ERROR;
				GCC_WARN_UNDECLARED_SELECTOR = YES;
				GCC_WARN_UNINITIALIZED_AUTOS = YES_AGGRESSIVE;
				GCC_WARN_UNUSED_FUNCTION = YES;
				GCC_WARN_UNUSED_VARIABLE = YES;
				IPHONEOS_DEPLOYMENT_TARGET = 15.5;
				MTL_ENABLE_DEBUG_INFO = NO;
				MTL_FAST_MATH = YES;
				SDKROOT = iphoneos;
				SWIFT_COMPILATION_MODE = wholemodule;
				SWIFT_OPTIMIZATION_LEVEL = "-O";
				VALIDATE_PRODUCT = YES;
			};
			name = Release;
		};
		56CE80F528A9D9A000A8FCF0 /* Debug */ = {
			isa = XCBuildConfiguration;
			buildSettings = {
				ASSETCATALOG_COMPILER_APPICON_NAME = AppIcon;
				ASSETCATALOG_COMPILER_GLOBAL_ACCENT_COLOR_NAME = AccentColor;
				CODE_SIGN_STYLE = Automatic;
				CURRENT_PROJECT_VERSION = 1;
				DEVELOPMENT_ASSET_PATHS = "\"HelloBybit/Preview Content\"";
				DEVELOPMENT_TEAM = E7SWP532NF;
				ENABLE_PREVIEWS = YES;
				GENERATE_INFOPLIST_FILE = YES;
				INFOPLIST_KEY_UIApplicationSceneManifest_Generation = YES;
				INFOPLIST_KEY_UIApplicationSupportsIndirectInputEvents = YES;
				INFOPLIST_KEY_UILaunchScreen_Generation = YES;
				INFOPLIST_KEY_UISupportedInterfaceOrientations_iPad = "UIInterfaceOrientationPortrait UIInterfaceOrientationPortraitUpsideDown UIInterfaceOrientationLandscapeLeft UIInterfaceOrientationLandscapeRight";
				INFOPLIST_KEY_UISupportedInterfaceOrientations_iPhone = "UIInterfaceOrientationPortrait UIInterfaceOrientationLandscapeLeft UIInterfaceOrientationLandscapeRight";
				LD_RUNPATH_SEARCH_PATHS = (
					"$(inherited)",
					"@executable_path/Frameworks",
				);
				MARKETING_VERSION = 1.0;
				PRODUCT_BUNDLE_IDENTIFIER = yko.HelloBybit;
				PRODUCT_NAME = "$(TARGET_NAME)";
				SWIFT_EMIT_LOC_STRINGS = YES;
				SWIFT_VERSION = 5.0;
				TARGETED_DEVICE_FAMILY = "1,2";
			};
			name = Debug;
		};
		56CE80F628A9D9A000A8FCF0 /* Release */ = {
			isa = XCBuildConfiguration;
			buildSettings = {
				ASSETCATALOG_COMPILER_APPICON_NAME = AppIcon;
				ASSETCATALOG_COMPILER_GLOBAL_ACCENT_COLOR_NAME = AccentColor;
				CODE_SIGN_STYLE = Automatic;
				CURRENT_PROJECT_VERSION = 1;
				DEVELOPMENT_ASSET_PATHS = "\"HelloBybit/Preview Content\"";
				DEVELOPMENT_TEAM = E7SWP532NF;
				ENABLE_PREVIEWS = YES;
				GENERATE_INFOPLIST_FILE = YES;
				INFOPLIST_KEY_UIApplicationSceneManifest_Generation = YES;
				INFOPLIST_KEY_UIApplicationSupportsIndirectInputEvents = YES;
				INFOPLIST_KEY_UILaunchScreen_Generation = YES;
				INFOPLIST_KEY_UISupportedInterfaceOrientations_iPad = "UIInterfaceOrientationPortrait UIInterfaceOrientationPortraitUpsideDown UIInterfaceOrientationLandscapeLeft UIInterfaceOrientationLandscapeRight";
				INFOPLIST_KEY_UISupportedInterfaceOrientations_iPhone = "UIInterfaceOrientationPortrait UIInterfaceOrientationLandscapeLeft UIInterfaceOrientationLandscapeRight";
				LD_RUNPATH_SEARCH_PATHS = (
					"$(inherited)",
					"@executable_path/Frameworks",
				);
				MARKETING_VERSION = 1.0;
				PRODUCT_BUNDLE_IDENTIFIER = yko.HelloBybit;
				PRODUCT_NAME = "$(TARGET_NAME)";
				SWIFT_EMIT_LOC_STRINGS = YES;
				SWIFT_VERSION = 5.0;
				TARGETED_DEVICE_FAMILY = "1,2";
			};
			name = Release;
		};
/* End XCBuildConfiguration section */

/* Begin XCConfigurationList section */
		56CE80E128A9D99C00A8FCF0 /* Build configuration list for PBXProject "HelloBybit" */ = {
			isa = XCConfigurationList;
			buildConfigurations = (
				56CE80F228A9D9A000A8FCF0 /* Debug */,
				56CE80F328A9D9A000A8FCF0 /* Release */,
			);
			defaultConfigurationIsVisible = 0;
			defaultConfigurationName = Release;
		};
		56CE80F428A9D9A000A8FCF0 /* Build configuration list for PBXNativeTarget "HelloBybit" */ = {
			isa = XCConfigurationList;
			buildConfigurations = (
				56CE80F528A9D9A000A8FCF0 /* Debug */,
				56CE80F628A9D9A000A8FCF0 /* Release */,
			);
			defaultConfigurationIsVisible = 0;
			defaultConfigurationName = Release;
		};
/* End XCConfigurationList section */

/* Begin XCRemoteSwiftPackageReference section */
		56CE80F728A9E34E00A8FCF0 /* XCRemoteSwiftPackageReference "CryptoSwift" */ = {
			isa = XCRemoteSwiftPackageReference;
			repositoryURL = "https://github.com/krzyzanowskim/CryptoSwift";
			requirement = {
				kind = upToNextMajorVersion;
				minimumVersion = 1.0.0;
			};
		};
/* End XCRemoteSwiftPackageReference section */

/* Begin XCSwiftPackageProductDependency section */
		56CE80F828A9E34E00A8FCF0 /* CryptoSwift */ = {
			isa = XCSwiftPackageProductDependency;
			package = 56CE80F728A9E34E00A8FCF0 /* XCRemoteSwiftPackageReference "CryptoSwift" */;
			productName = CryptoSwift;
		};
/* End XCSwiftPackageProductDependency section */
	};
	rootObject = 56CE80DE28A9D99C00A8FCF0 /* Project object */;
}
